{
    "_readme": [
        "This file locks the dependencies of your project to a known state",
        "Read more about it at https://getcomposer.org/doc/01-basic-usage.md#installing-dependencies",
        "This file is @generated automatically"
    ],
    "content-hash": "5797c8b18921e43ca3a8fcebad39275a",
    "packages": [],
    "packages-dev": [
        {
            "name": "douglasgreen/config-setup",
            "version": "dev-main",
            "source": {
                "type": "git",
                "url": "https://github.com/douglasgreen/config-setup.git",
                "reference": "b9422bb3662b14f94aef6a5c7a20e251564a05db"
            },
            "dist": {
                "type": "zip",
                "url": "https://api.github.com/repos/douglasgreen/config-setup/zipball/b9422bb3662b14f94aef6a5c7a20e251564a05db",
                "reference": "b9422bb3662b14f94aef6a5c7a20e251564a05db",
                "shasum": ""
            },
            "require": {
                "nette/neon": "^3.4",
                "php": ">=8.1"
            },
            "require-dev": {
                "phpmd/phpmd": "^2.15",
                "phpstan/phpstan": "^1.10",
                "rector/rector": "^1.0",
                "symplify/easy-coding-standard": "^12.3"
            },
            "default-branch": true,
            "type": "library",
            "autoload": {
                "psr-4": {
                    "DouglasGreen\\ConfigSetup\\": "src/"
                }
            },
            "scripts": {
                "lint": [
                    "ecs",
                    "phpstan analyse",
                    "phpmd --cache --cache-file var/cache/phpmd/cache.php . text phpmd.xml",
                    "rector --dry-run"
                ],
                "lint:fix": [
                    "ecs --fix",
                    "rector"
                ]
            },
            "license": [
                "MIT"
            ],
            "authors": [
                {
                    "name": "Douglas Green",
                    "email": "douglas@nurd.site",
                    "homepage": "https://nurd.site/",
                    "role": "Developer"
                }
            ],
            "description": "Preconfigured setup files for linting, fixing, and testing PHP and JavaScript projects",
            "homepage": "https://github.com/douglasgreen/config-setup",
            "keywords": [
                "automation",
                "ci-cd",
                "code-quality",
                "coding-standards",
                "composer",
                "config",
                "fixing",
                "linting",
                "php",
                "php-cs-fixer",
                "phpcs",
                "phpunit",
                "static-analysis",
                "testing"
            ],
            "support": {
                "source": "https://github.com/douglasgreen/config-setup/tree/main",
                "issues": "https://github.com/douglasgreen/config-setup/issues"
            },
            "time": "2024-06-20T19:20:43+00:00"
        },
        {
            "name": "nette/neon",
            "version": "v3.4.2",
            "source": {
                "type": "git",
                "url": "https://github.com/nette/neon.git",
                "reference": "0edcee11ca631af369180d9f3bc9615ea0cb2dfb"
            },
            "dist": {
                "type": "zip",
                "url": "https://api.github.com/repos/nette/neon/zipball/0edcee11ca631af369180d9f3bc9615ea0cb2dfb",
                "reference": "0edcee11ca631af369180d9f3bc9615ea0cb2dfb",
                "shasum": ""
            },
            "require": {
                "ext-json": "*",
                "php": "8.0 - 8.3"
            },
            "require-dev": {
                "nette/tester": "^2.4",
                "phpstan/phpstan": "^1.0",
                "tracy/tracy": "^2.7"
            },
            "bin": [
                "bin/neon-lint"
            ],
            "type": "library",
            "extra": {
                "branch-alias": {
                    "dev-master": "3.4-dev"
                }
            },
            "autoload": {
                "classmap": [
                    "src/"
                ]
            },
            "notification-url": "https://packagist.org/downloads/",
            "license": [
                "BSD-3-Clause",
                "GPL-2.0-only",
                "GPL-3.0-only"
            ],
            "authors": [
                {
                    "name": "David Grudl",
                    "homepage": "https://davidgrudl.com"
                },
                {
                    "name": "Nette Community",
                    "homepage": "https://nette.org/contributors"
                }
            ],
            "description": "🍸 Nette NEON: encodes and decodes NEON file format.",
            "homepage": "https://ne-on.org",
            "keywords": [
                "export",
                "import",
                "neon",
                "nette",
                "yaml"
            ],
            "support": {
                "issues": "https://github.com/nette/neon/issues",
                "source": "https://github.com/nette/neon/tree/v3.4.2"
            },
            "time": "2024-06-18T21:02:21+00:00"
        }
    ],
    "aliases": [],
    "minimum-stability": "stable",
    "stability-flags": {
        "douglasgreen/config-setup": 20
    },
    "prefer-stable": false,
    "prefer-lowest": false,
    "platform": {
        "php": ">=8.1"
    },
    "platform-dev": [],
    "plugin-api-version": "2.6.0"
}
