{
    "_readme": [
        "This file locks the dependencies of your project to a known state",
        "Read more about it at https://getcomposer.org/doc/01-basic-usage.md#installing-dependencies",
        "This file is @generated automatically"
    ],
    "content-hash": "ccc3f5f67cf6298f38e68b49bfd24ad7",
    "packages": [],
    "packages-dev": [
        {
            "name": "douglasgreen/config-setup",
            "version": "dev-main",
            "source": {
                "type": "git",
                "url": "https://github.com/douglasgreen/config-setup.git",
                "reference": "bcd2dff4364eb0b981e231966bcab144a329174d"
            },
            "dist": {
                "type": "zip",
                "url": "https://api.github.com/repos/douglasgreen/config-setup/zipball/bcd2dff4364eb0b981e231966bcab144a329174d",
                "reference": "bcd2dff4364eb0b981e231966bcab144a329174d",
                "shasum": ""
            },
            "require": {
                "nette/neon": "^3.4",
                "php": ">=8.2"
            },
            "require-dev": {
                "phpstan/phpstan": "^2.1",
                "rector/rector": "^2.0",
                "symplify/easy-coding-standard": "^12.5"
            },
            "default-branch": true,
            "bin": [
                "bin/check-composer-usage",
                "bin/config-setup",
                "bin/sort-composer-json"
            ],
            "type": "library",
            "autoload": {
                "psr-4": {
                    "DouglasGreen\\ConfigSetup\\": "src"
                }
            },
            "scripts": {
                "lint": [
                    "ecs",
                    "phpstan analyse",
                    "rector --dry-run"
                ],
                "lint:fix": [
                    "ecs --fix",
                    "rector",
                    "sort-composer-json"
                ]
            },
            "license": [
                "MIT"
            ],
            "authors": [
                {
                    "name": "Douglas Green",
                    "email": "douglas@nurd.site",
                    "homepage": "https://nurd.site/",
                    "role": "Developer"
                }
            ],
            "description": "Preconfigured setup files for linting, fixing, and testing PHP and JavaScript projects",
            "homepage": "https://github.com/douglasgreen/config-setup",
            "keywords": [
                "automation",
                "code quality",
                "code standards",
                "code validation",
                "config",
                "fixing",
                "linter",
                "linting",
                "php",
                "phpunit"
            ],
            "support": {
                "source": "https://github.com/douglasgreen/config-setup/tree/main",
                "issues": "https://github.com/douglasgreen/config-setup/issues"
            },
            "time": "2025-06-03T12:03:42+00:00"
        },
        {
            "name": "nette/neon",
            "version": "v3.4.4",
            "source": {
                "type": "git",
                "url": "https://github.com/nette/neon.git",
                "reference": "3411aa86b104e2d5b7e760da4600865ead963c3c"
            },
            "dist": {
                "type": "zip",
                "url": "https://api.github.com/repos/nette/neon/zipball/3411aa86b104e2d5b7e760da4600865ead963c3c",
                "reference": "3411aa86b104e2d5b7e760da4600865ead963c3c",
                "shasum": ""
            },
            "require": {
                "ext-json": "*",
                "php": "8.0 - 8.4"
            },
            "require-dev": {
                "nette/tester": "^2.4",
                "phpstan/phpstan": "^1.0",
                "tracy/tracy": "^2.7"
            },
            "bin": [
                "bin/neon-lint"
            ],
            "type": "library",
            "extra": {
                "branch-alias": {
                    "dev-master": "3.4-dev"
                }
            },
            "autoload": {
                "classmap": [
                    "src/"
                ]
            },
            "notification-url": "https://packagist.org/downloads/",
            "license": [
                "BSD-3-Clause",
                "GPL-2.0-only",
                "GPL-3.0-only"
            ],
            "authors": [
                {
                    "name": "David Grudl",
                    "homepage": "https://davidgrudl.com"
                },
                {
                    "name": "Nette Community",
                    "homepage": "https://nette.org/contributors"
                }
            ],
            "description": "🍸 Nette NEON: encodes and decodes NEON file format.",
            "homepage": "https://ne-on.org",
            "keywords": [
                "export",
                "import",
                "neon",
                "nette",
                "yaml"
            ],
            "support": {
                "issues": "https://github.com/nette/neon/issues",
                "source": "https://github.com/nette/neon/tree/v3.4.4"
            },
            "time": "2024-10-04T22:00:08+00:00"
        }
    ],
    "aliases": [],
    "minimum-stability": "dev",
    "stability-flags": {
        "douglasgreen/config-setup": 20
    },
    "prefer-stable": true,
    "prefer-lowest": false,
    "platform": {
        "php": ">=8.1"
    },
    "platform-dev": [],
    "plugin-api-version": "2.3.0"
}
