{
    "_readme": [
        "This file locks the dependencies of your project to a known state",
        "Read more about it at https://getcomposer.org/doc/01-basic-usage.md#installing-dependencies",
        "This file is @generated automatically"
    ],
    "content-hash": "ccc3f5f67cf6298f38e68b49bfd24ad7",
    "packages": [],
    "packages-dev": [
        {
            "name": "douglasgreen/config-setup",
            "version": "dev-main",
            "source": {
                "type": "git",
                "url": "https://github.com/douglasgreen/config-setup.git",
                "reference": "d56597584cbd8d4c85d99d33b07a26da8adf3459"
            },
            "dist": {
                "type": "zip",
                "url": "https://api.github.com/repos/douglasgreen/config-setup/zipball/d56597584cbd8d4c85d99d33b07a26da8adf3459",
                "reference": "d56597584cbd8d4c85d99d33b07a26da8adf3459",
                "shasum": ""
            },
            "require": {
                "douglasgreen/php-linter": "dev-main",
                "douglasgreen/utility": "dev-main",
                "nette/neon": "^3.4",
                "php": ">=8.1"
            },
            "require-dev": {
                "phpstan/phpstan": "^1.11",
                "rector/rector": "^1.1",
                "symplify/easy-coding-standard": "^12.3"
            },
            "default-branch": true,
            "bin": [
                "bin/config-setup"
            ],
            "type": "library",
            "autoload": {
                "psr-4": {
                    "DouglasGreen\\ConfigSetup\\": "src/"
                }
            },
            "scripts": {
                "lint": [
                    "ecs",
                    "php-linter",
                    "phpstan analyse",
                    "rector --dry-run"
                ],
                "lint:fix": [
                    "ecs --fix",
                    "rector"
                ]
            },
            "license": [
                "MIT"
            ],
            "authors": [
                {
                    "name": "Douglas Green",
                    "email": "douglas@nurd.site",
                    "homepage": "https://nurd.site/",
                    "role": "Developer"
                }
            ],
            "description": "Preconfigured setup files for linting, fixing, and testing PHP and JavaScript projects",
            "homepage": "https://github.com/douglasgreen/config-setup",
            "keywords": [
                "automation",
                "ci-cd",
                "code-quality",
                "coding-standards",
                "composer",
                "config",
                "fixing",
                "linting",
                "php",
                "php-cs-fixer",
                "phpcs",
                "phpunit",
                "static-analysis",
                "testing"
            ],
            "support": {
                "source": "https://github.com/douglasgreen/config-setup/tree/main",
                "issues": "https://github.com/douglasgreen/config-setup/issues"
            },
            "time": "2024-07-01T13:49:11+00:00"
        },
        {
            "name": "douglasgreen/optparser",
            "version": "dev-main",
            "source": {
                "type": "git",
                "url": "https://github.com/douglasgreen/optparser.git",
                "reference": "05b37f3cbfe47a61cb44a3b3ecabbec3462b354f"
            },
            "dist": {
                "type": "zip",
                "url": "https://api.github.com/repos/douglasgreen/optparser/zipball/05b37f3cbfe47a61cb44a3b3ecabbec3462b354f",
                "reference": "05b37f3cbfe47a61cb44a3b3ecabbec3462b354f",
                "shasum": ""
            },
            "require": {
                "php": ">=8.1"
            },
            "require-dev": {
                "douglasgreen/config-setup": "dev-main",
                "douglasgreen/php-linter": "dev-main",
                "douglasgreen/utility": "dev-main",
                "phpstan/phpstan": "^1.11",
                "phpunit/phpunit": "^10.5",
                "rector/rector": "^1.1",
                "symplify/easy-coding-standard": "^12.3"
            },
            "default-branch": true,
            "type": "library",
            "autoload": {
                "psr-4": {
                    "DouglasGreen\\OptParser\\": "src/",
                    "DouglasGreen\\OptParser\\Tests\\": "tests/"
                }
            },
            "notification-url": "https://packagist.org/downloads/",
            "license": [
                "MIT"
            ],
            "authors": [
                {
                    "name": "Douglas Green",
                    "email": "douglas@nurd.site",
                    "homepage": "https://nurd.site/",
                    "role": "Developer"
                }
            ],
            "description": "Parser for command-line options in PHP programs",
            "homepage": "https://github.com/douglasgreen/optparser",
            "keywords": [
                "CLI Tool",
                "automation",
                "cli",
                "cli library",
                "command",
                "command line",
                "command-line interface",
                "command-line utility",
                "console",
                "php",
                "php automation",
                "php cli",
                "php command line",
                "php console application",
                "php scripting",
                "scripting",
                "terminal"
            ],
            "support": {
                "issues": "https://github.com/douglasgreen/optparser/issues",
                "source": "https://github.com/douglasgreen/optparser/tree/main"
            },
            "time": "2024-07-01T13:49:29+00:00"
        },
        {
            "name": "douglasgreen/php-linter",
            "version": "dev-main",
            "source": {
                "type": "git",
                "url": "https://github.com/douglasgreen/php-linter.git",
                "reference": "64380cf133a5c3fd7095f9ef89f2b543111c3062"
            },
            "dist": {
                "type": "zip",
                "url": "https://api.github.com/repos/douglasgreen/php-linter/zipball/64380cf133a5c3fd7095f9ef89f2b543111c3062",
                "reference": "64380cf133a5c3fd7095f9ef89f2b543111c3062",
                "shasum": ""
            },
            "require": {
                "douglasgreen/optparser": "dev-main",
                "douglasgreen/utility": "dev-main",
                "nikic/php-parser": "^5.0",
                "pdepend/pdepend": "^2.16",
                "php": ">=8.1"
            },
            "require-dev": {
                "douglasgreen/config-setup": "dev-main",
                "phpstan/phpstan": "^1.11",
                "phpunit/phpunit": "^10.5",
                "rector/rector": "^1.1",
                "symplify/easy-coding-standard": "^12.3"
            },
            "default-branch": true,
            "bin": [
                "bin/check-metrics",
                "bin/check-style",
                "bin/generate-metrics",
                "bin/php-linter"
            ],
            "type": "project",
            "autoload": {
                "psr-4": {
                    "DouglasGreen\\PhpLinter\\": "src/",
                    "DouglasGreen\\PhpLinter\\Tests\\": "tests/"
                }
            },
            "notification-url": "https://packagist.org/downloads/",
            "license": [
                "MIT"
            ],
            "authors": [
                {
                    "name": "Douglas Green",
                    "email": "douglas@nurd.site",
                    "homepage": "https://nurd.site/",
                    "role": "Developer"
                }
            ],
            "description": "Linter for PHP",
            "homepage": "https://github.com/douglasgreen/php-linter",
            "keywords": [
                "ast",
                "code quality",
                "code standards",
                "code validation",
                "linter",
                "php",
                "php parser",
                "php-fig",
                "psr",
                "static analysis",
                "syntax check"
            ],
            "support": {
                "issues": "https://github.com/douglasgreen/php-linter/issues",
                "source": "https://github.com/douglasgreen/php-linter/tree/main"
            },
            "time": "2024-07-01T13:48:34+00:00"
        },
        {
            "name": "douglasgreen/utility",
            "version": "dev-main",
            "source": {
                "type": "git",
                "url": "https://github.com/douglasgreen/utility.git",
                "reference": "341c4eb6359c5a2b6419c42246c7e07b157029b0"
            },
            "dist": {
                "type": "zip",
                "url": "https://api.github.com/repos/douglasgreen/utility/zipball/341c4eb6359c5a2b6419c42246c7e07b157029b0",
                "reference": "341c4eb6359c5a2b6419c42246c7e07b157029b0",
                "shasum": ""
            },
            "require": {
                "php": ">=8.1"
            },
            "require-dev": {
                "douglasgreen/config-setup": "dev-main",
                "douglasgreen/php-linter": "dev-main",
                "phpstan/phpstan": "^1.11",
                "phpunit/phpunit": "^10.5",
                "rector/rector": "^1.1",
                "symplify/easy-coding-standard": "^12.3"
            },
            "default-branch": true,
            "type": "library",
            "autoload": {
                "psr-4": {
                    "DouglasGreen\\Utility\\": "src/",
                    "DouglasGreen\\Utility\\Tests\\": "tests/"
                }
            },
            "notification-url": "https://packagist.org/downloads/",
            "license": [
                "MIT"
            ],
            "authors": [
                {
                    "name": "Douglas Green",
                    "email": "douglas@nurd.site",
                    "homepage": "https://nurd.site/",
                    "role": "Developer"
                }
            ],
            "description": "A PHP utility project for exception classes and wrapper functions",
            "homepage": "https://github.com/douglasgreen/utility",
            "keywords": [
                "directory",
                "exceptions",
                "file",
                "php",
                "regex",
                "utility",
                "wrapper"
            ],
            "support": {
                "issues": "https://github.com/douglasgreen/utility/issues",
                "source": "https://github.com/douglasgreen/utility/tree/main"
            },
            "time": "2024-07-01T12:03:21+00:00"
        },
        {
            "name": "nette/neon",
            "version": "v3.4.3",
            "source": {
                "type": "git",
                "url": "https://github.com/nette/neon.git",
                "reference": "c8481c104431c8d94cc88424a1e21f47f8c93280"
            },
            "dist": {
                "type": "zip",
                "url": "https://api.github.com/repos/nette/neon/zipball/c8481c104431c8d94cc88424a1e21f47f8c93280",
                "reference": "c8481c104431c8d94cc88424a1e21f47f8c93280",
                "shasum": ""
            },
            "require": {
                "ext-json": "*",
                "php": "8.0 - 8.3"
            },
            "require-dev": {
                "nette/tester": "^2.4",
                "phpstan/phpstan": "^1.0",
                "tracy/tracy": "^2.7"
            },
            "bin": [
                "bin/neon-lint"
            ],
            "type": "library",
            "extra": {
                "branch-alias": {
                    "dev-master": "3.4-dev"
                }
            },
            "autoload": {
                "classmap": [
                    "src/"
                ]
            },
            "notification-url": "https://packagist.org/downloads/",
            "license": [
                "BSD-3-Clause",
                "GPL-2.0-only",
                "GPL-3.0-only"
            ],
            "authors": [
                {
                    "name": "David Grudl",
                    "homepage": "https://davidgrudl.com"
                },
                {
                    "name": "Nette Community",
                    "homepage": "https://nette.org/contributors"
                }
            ],
            "description": "🍸 Nette NEON: encodes and decodes NEON file format.",
            "homepage": "https://ne-on.org",
            "keywords": [
                "export",
                "import",
                "neon",
                "nette",
                "yaml"
            ],
            "support": {
                "issues": "https://github.com/nette/neon/issues",
                "source": "https://github.com/nette/neon/tree/v3.4.3"
            },
            "time": "2024-06-26T14:53:59+00:00"
        },
        {
            "name": "nikic/php-parser",
            "version": "v5.0.2",
            "source": {
                "type": "git",
                "url": "https://github.com/nikic/PHP-Parser.git",
                "reference": "139676794dc1e9231bf7bcd123cfc0c99182cb13"
            },
            "dist": {
                "type": "zip",
                "url": "https://api.github.com/repos/nikic/PHP-Parser/zipball/139676794dc1e9231bf7bcd123cfc0c99182cb13",
                "reference": "139676794dc1e9231bf7bcd123cfc0c99182cb13",
                "shasum": ""
            },
            "require": {
                "ext-ctype": "*",
                "ext-json": "*",
                "ext-tokenizer": "*",
                "php": ">=7.4"
            },
            "require-dev": {
                "ircmaxell/php-yacc": "^0.0.7",
                "phpunit/phpunit": "^7.0 || ^8.0 || ^9.0"
            },
            "bin": [
                "bin/php-parse"
            ],
            "type": "library",
            "extra": {
                "branch-alias": {
                    "dev-master": "5.0-dev"
                }
            },
            "autoload": {
                "psr-4": {
                    "PhpParser\\": "lib/PhpParser"
                }
            },
            "notification-url": "https://packagist.org/downloads/",
            "license": [
                "BSD-3-Clause"
            ],
            "authors": [
                {
                    "name": "Nikita Popov"
                }
            ],
            "description": "A PHP parser written in PHP",
            "keywords": [
                "parser",
                "php"
            ],
            "support": {
                "issues": "https://github.com/nikic/PHP-Parser/issues",
                "source": "https://github.com/nikic/PHP-Parser/tree/v5.0.2"
            },
            "time": "2024-03-05T20:51:40+00:00"
        },
        {
            "name": "pdepend/pdepend",
            "version": "2.16.2",
            "source": {
                "type": "git",
                "url": "https://github.com/pdepend/pdepend.git",
                "reference": "f942b208dc2a0868454d01b29f0c75bbcfc6ed58"
            },
            "dist": {
                "type": "zip",
                "url": "https://api.github.com/repos/pdepend/pdepend/zipball/f942b208dc2a0868454d01b29f0c75bbcfc6ed58",
                "reference": "f942b208dc2a0868454d01b29f0c75bbcfc6ed58",
                "shasum": ""
            },
            "require": {
                "php": ">=5.3.7",
                "symfony/config": "^2.3.0|^3|^4|^5|^6.0|^7.0",
                "symfony/dependency-injection": "^2.3.0|^3|^4|^5|^6.0|^7.0",
                "symfony/filesystem": "^2.3.0|^3|^4|^5|^6.0|^7.0",
                "symfony/polyfill-mbstring": "^1.19"
            },
            "require-dev": {
                "easy-doc/easy-doc": "0.0.0|^1.2.3",
                "gregwar/rst": "^1.0",
                "squizlabs/php_codesniffer": "^2.0.0"
            },
            "bin": [
                "src/bin/pdepend"
            ],
            "type": "library",
            "extra": {
                "branch-alias": {
                    "dev-master": "2.x-dev"
                }
            },
            "autoload": {
                "psr-4": {
                    "PDepend\\": "src/main/php/PDepend"
                }
            },
            "notification-url": "https://packagist.org/downloads/",
            "license": [
                "BSD-3-Clause"
            ],
            "description": "Official version of pdepend to be handled with Composer",
            "keywords": [
                "PHP Depend",
                "PHP_Depend",
                "dev",
                "pdepend"
            ],
            "support": {
                "issues": "https://github.com/pdepend/pdepend/issues",
                "source": "https://github.com/pdepend/pdepend/tree/2.16.2"
            },
            "funding": [
                {
                    "url": "https://tidelift.com/funding/github/packagist/pdepend/pdepend",
                    "type": "tidelift"
                }
            ],
            "time": "2023-12-17T18:09:59+00:00"
        },
        {
            "name": "psr/container",
            "version": "2.0.2",
            "source": {
                "type": "git",
                "url": "https://github.com/php-fig/container.git",
                "reference": "c71ecc56dfe541dbd90c5360474fbc405f8d5963"
            },
            "dist": {
                "type": "zip",
                "url": "https://api.github.com/repos/php-fig/container/zipball/c71ecc56dfe541dbd90c5360474fbc405f8d5963",
                "reference": "c71ecc56dfe541dbd90c5360474fbc405f8d5963",
                "shasum": ""
            },
            "require": {
                "php": ">=7.4.0"
            },
            "type": "library",
            "extra": {
                "branch-alias": {
                    "dev-master": "2.0.x-dev"
                }
            },
            "autoload": {
                "psr-4": {
                    "Psr\\Container\\": "src/"
                }
            },
            "notification-url": "https://packagist.org/downloads/",
            "license": [
                "MIT"
            ],
            "authors": [
                {
                    "name": "PHP-FIG",
                    "homepage": "https://www.php-fig.org/"
                }
            ],
            "description": "Common Container Interface (PHP FIG PSR-11)",
            "homepage": "https://github.com/php-fig/container",
            "keywords": [
                "PSR-11",
                "container",
                "container-interface",
                "container-interop",
                "psr"
            ],
            "support": {
                "issues": "https://github.com/php-fig/container/issues",
                "source": "https://github.com/php-fig/container/tree/2.0.2"
            },
            "time": "2021-11-05T16:47:00+00:00"
        },
        {
            "name": "symfony/config",
            "version": "v7.1.1",
            "source": {
                "type": "git",
                "url": "https://github.com/symfony/config.git",
                "reference": "2210fc99fa42a259eb6c89d1f724ce0c4d62d5d2"
            },
            "dist": {
                "type": "zip",
                "url": "https://api.github.com/repos/symfony/config/zipball/2210fc99fa42a259eb6c89d1f724ce0c4d62d5d2",
                "reference": "2210fc99fa42a259eb6c89d1f724ce0c4d62d5d2",
                "shasum": ""
            },
            "require": {
                "php": ">=8.2",
                "symfony/deprecation-contracts": "^2.5|^3",
                "symfony/filesystem": "^7.1",
                "symfony/polyfill-ctype": "~1.8"
            },
            "conflict": {
                "symfony/finder": "<6.4",
                "symfony/service-contracts": "<2.5"
            },
            "require-dev": {
                "symfony/event-dispatcher": "^6.4|^7.0",
                "symfony/finder": "^6.4|^7.0",
                "symfony/messenger": "^6.4|^7.0",
                "symfony/service-contracts": "^2.5|^3",
                "symfony/yaml": "^6.4|^7.0"
            },
            "type": "library",
            "autoload": {
                "psr-4": {
                    "Symfony\\Component\\Config\\": ""
                },
                "exclude-from-classmap": [
                    "/Tests/"
                ]
            },
            "notification-url": "https://packagist.org/downloads/",
            "license": [
                "MIT"
            ],
            "authors": [
                {
                    "name": "Fabien Potencier",
                    "email": "fabien@symfony.com"
                },
                {
                    "name": "Symfony Community",
                    "homepage": "https://symfony.com/contributors"
                }
            ],
            "description": "Helps you find, load, combine, autofill and validate configuration values of any kind",
            "homepage": "https://symfony.com",
            "support": {
                "source": "https://github.com/symfony/config/tree/v7.1.1"
            },
            "funding": [
                {
                    "url": "https://symfony.com/sponsor",
                    "type": "custom"
                },
                {
                    "url": "https://github.com/fabpot",
                    "type": "github"
                },
                {
                    "url": "https://tidelift.com/funding/github/packagist/symfony/symfony",
                    "type": "tidelift"
                }
            ],
            "time": "2024-05-31T14:57:53+00:00"
        },
        {
            "name": "symfony/dependency-injection",
            "version": "v7.1.2",
            "source": {
                "type": "git",
                "url": "https://github.com/symfony/dependency-injection.git",
                "reference": "6e108cded928bdafaf1da3fabe30dd5af20e36b9"
            },
            "dist": {
                "type": "zip",
                "url": "https://api.github.com/repos/symfony/dependency-injection/zipball/6e108cded928bdafaf1da3fabe30dd5af20e36b9",
                "reference": "6e108cded928bdafaf1da3fabe30dd5af20e36b9",
                "shasum": ""
            },
            "require": {
                "php": ">=8.2",
                "psr/container": "^1.1|^2.0",
                "symfony/deprecation-contracts": "^2.5|^3",
                "symfony/service-contracts": "^3.5",
                "symfony/var-exporter": "^6.4|^7.0"
            },
            "conflict": {
                "ext-psr": "<1.1|>=2",
                "symfony/config": "<6.4",
                "symfony/finder": "<6.4",
                "symfony/yaml": "<6.4"
            },
            "provide": {
                "psr/container-implementation": "1.1|2.0",
                "symfony/service-implementation": "1.1|2.0|3.0"
            },
            "require-dev": {
                "symfony/config": "^6.4|^7.0",
                "symfony/expression-language": "^6.4|^7.0",
                "symfony/yaml": "^6.4|^7.0"
            },
            "type": "library",
            "autoload": {
                "psr-4": {
                    "Symfony\\Component\\DependencyInjection\\": ""
                },
                "exclude-from-classmap": [
                    "/Tests/"
                ]
            },
            "notification-url": "https://packagist.org/downloads/",
            "license": [
                "MIT"
            ],
            "authors": [
                {
                    "name": "Fabien Potencier",
                    "email": "fabien@symfony.com"
                },
                {
                    "name": "Symfony Community",
                    "homepage": "https://symfony.com/contributors"
                }
            ],
            "description": "Allows you to standardize and centralize the way objects are constructed in your application",
            "homepage": "https://symfony.com",
            "support": {
                "source": "https://github.com/symfony/dependency-injection/tree/v7.1.2"
            },
            "funding": [
                {
                    "url": "https://symfony.com/sponsor",
                    "type": "custom"
                },
                {
                    "url": "https://github.com/fabpot",
                    "type": "github"
                },
                {
                    "url": "https://tidelift.com/funding/github/packagist/symfony/symfony",
                    "type": "tidelift"
                }
            ],
            "time": "2024-06-28T10:03:55+00:00"
        },
        {
            "name": "symfony/deprecation-contracts",
            "version": "v3.5.0",
            "source": {
                "type": "git",
                "url": "https://github.com/symfony/deprecation-contracts.git",
                "reference": "0e0d29ce1f20deffb4ab1b016a7257c4f1e789a1"
            },
            "dist": {
                "type": "zip",
                "url": "https://api.github.com/repos/symfony/deprecation-contracts/zipball/0e0d29ce1f20deffb4ab1b016a7257c4f1e789a1",
                "reference": "0e0d29ce1f20deffb4ab1b016a7257c4f1e789a1",
                "shasum": ""
            },
            "require": {
                "php": ">=8.1"
            },
            "type": "library",
            "extra": {
                "branch-alias": {
                    "dev-main": "3.5-dev"
                },
                "thanks": {
                    "name": "symfony/contracts",
                    "url": "https://github.com/symfony/contracts"
                }
            },
            "autoload": {
                "files": [
                    "function.php"
                ]
            },
            "notification-url": "https://packagist.org/downloads/",
            "license": [
                "MIT"
            ],
            "authors": [
                {
                    "name": "Nicolas Grekas",
                    "email": "p@tchwork.com"
                },
                {
                    "name": "Symfony Community",
                    "homepage": "https://symfony.com/contributors"
                }
            ],
            "description": "A generic function and convention to trigger deprecation notices",
            "homepage": "https://symfony.com",
            "support": {
                "source": "https://github.com/symfony/deprecation-contracts/tree/v3.5.0"
            },
            "funding": [
                {
                    "url": "https://symfony.com/sponsor",
                    "type": "custom"
                },
                {
                    "url": "https://github.com/fabpot",
                    "type": "github"
                },
                {
                    "url": "https://tidelift.com/funding/github/packagist/symfony/symfony",
                    "type": "tidelift"
                }
            ],
            "time": "2024-04-18T09:32:20+00:00"
        },
        {
            "name": "symfony/filesystem",
            "version": "v7.1.2",
            "source": {
                "type": "git",
                "url": "https://github.com/symfony/filesystem.git",
                "reference": "92a91985250c251de9b947a14bb2c9390b1a562c"
            },
            "dist": {
                "type": "zip",
                "url": "https://api.github.com/repos/symfony/filesystem/zipball/92a91985250c251de9b947a14bb2c9390b1a562c",
                "reference": "92a91985250c251de9b947a14bb2c9390b1a562c",
                "shasum": ""
            },
            "require": {
                "php": ">=8.2",
                "symfony/polyfill-ctype": "~1.8",
                "symfony/polyfill-mbstring": "~1.8"
            },
            "require-dev": {
                "symfony/process": "^6.4|^7.0"
            },
            "type": "library",
            "autoload": {
                "psr-4": {
                    "Symfony\\Component\\Filesystem\\": ""
                },
                "exclude-from-classmap": [
                    "/Tests/"
                ]
            },
            "notification-url": "https://packagist.org/downloads/",
            "license": [
                "MIT"
            ],
            "authors": [
                {
                    "name": "Fabien Potencier",
                    "email": "fabien@symfony.com"
                },
                {
                    "name": "Symfony Community",
                    "homepage": "https://symfony.com/contributors"
                }
            ],
            "description": "Provides basic utilities for the filesystem",
            "homepage": "https://symfony.com",
            "support": {
                "source": "https://github.com/symfony/filesystem/tree/v7.1.2"
            },
            "funding": [
                {
                    "url": "https://symfony.com/sponsor",
                    "type": "custom"
                },
                {
                    "url": "https://github.com/fabpot",
                    "type": "github"
                },
                {
                    "url": "https://tidelift.com/funding/github/packagist/symfony/symfony",
                    "type": "tidelift"
                }
            ],
            "time": "2024-06-28T10:03:55+00:00"
        },
        {
            "name": "symfony/polyfill-ctype",
            "version": "v1.30.0",
            "source": {
                "type": "git",
                "url": "https://github.com/symfony/polyfill-ctype.git",
                "reference": "0424dff1c58f028c451efff2045f5d92410bd540"
            },
            "dist": {
                "type": "zip",
                "url": "https://api.github.com/repos/symfony/polyfill-ctype/zipball/0424dff1c58f028c451efff2045f5d92410bd540",
                "reference": "0424dff1c58f028c451efff2045f5d92410bd540",
                "shasum": ""
            },
            "require": {
                "php": ">=7.1"
            },
            "provide": {
                "ext-ctype": "*"
            },
            "suggest": {
                "ext-ctype": "For best performance"
            },
            "type": "library",
            "extra": {
                "thanks": {
                    "name": "symfony/polyfill",
                    "url": "https://github.com/symfony/polyfill"
                }
            },
            "autoload": {
                "files": [
                    "bootstrap.php"
                ],
                "psr-4": {
                    "Symfony\\Polyfill\\Ctype\\": ""
                }
            },
            "notification-url": "https://packagist.org/downloads/",
            "license": [
                "MIT"
            ],
            "authors": [
                {
                    "name": "Gert de Pagter",
                    "email": "BackEndTea@gmail.com"
                },
                {
                    "name": "Symfony Community",
                    "homepage": "https://symfony.com/contributors"
                }
            ],
            "description": "Symfony polyfill for ctype functions",
            "homepage": "https://symfony.com",
            "keywords": [
                "compatibility",
                "ctype",
                "polyfill",
                "portable"
            ],
            "support": {
                "source": "https://github.com/symfony/polyfill-ctype/tree/v1.30.0"
            },
            "funding": [
                {
                    "url": "https://symfony.com/sponsor",
                    "type": "custom"
                },
                {
                    "url": "https://github.com/fabpot",
                    "type": "github"
                },
                {
                    "url": "https://tidelift.com/funding/github/packagist/symfony/symfony",
                    "type": "tidelift"
                }
            ],
            "time": "2024-05-31T15:07:36+00:00"
        },
        {
            "name": "symfony/polyfill-mbstring",
            "version": "v1.30.0",
            "source": {
                "type": "git",
                "url": "https://github.com/symfony/polyfill-mbstring.git",
                "reference": "fd22ab50000ef01661e2a31d850ebaa297f8e03c"
            },
            "dist": {
                "type": "zip",
                "url": "https://api.github.com/repos/symfony/polyfill-mbstring/zipball/fd22ab50000ef01661e2a31d850ebaa297f8e03c",
                "reference": "fd22ab50000ef01661e2a31d850ebaa297f8e03c",
                "shasum": ""
            },
            "require": {
                "php": ">=7.1"
            },
            "provide": {
                "ext-mbstring": "*"
            },
            "suggest": {
                "ext-mbstring": "For best performance"
            },
            "type": "library",
            "extra": {
                "thanks": {
                    "name": "symfony/polyfill",
                    "url": "https://github.com/symfony/polyfill"
                }
            },
            "autoload": {
                "files": [
                    "bootstrap.php"
                ],
                "psr-4": {
                    "Symfony\\Polyfill\\Mbstring\\": ""
                }
            },
            "notification-url": "https://packagist.org/downloads/",
            "license": [
                "MIT"
            ],
            "authors": [
                {
                    "name": "Nicolas Grekas",
                    "email": "p@tchwork.com"
                },
                {
                    "name": "Symfony Community",
                    "homepage": "https://symfony.com/contributors"
                }
            ],
            "description": "Symfony polyfill for the Mbstring extension",
            "homepage": "https://symfony.com",
            "keywords": [
                "compatibility",
                "mbstring",
                "polyfill",
                "portable",
                "shim"
            ],
            "support": {
                "source": "https://github.com/symfony/polyfill-mbstring/tree/v1.30.0"
            },
            "funding": [
                {
                    "url": "https://symfony.com/sponsor",
                    "type": "custom"
                },
                {
                    "url": "https://github.com/fabpot",
                    "type": "github"
                },
                {
                    "url": "https://tidelift.com/funding/github/packagist/symfony/symfony",
                    "type": "tidelift"
                }
            ],
            "time": "2024-06-19T12:30:46+00:00"
        },
        {
            "name": "symfony/service-contracts",
            "version": "v3.5.0",
            "source": {
                "type": "git",
                "url": "https://github.com/symfony/service-contracts.git",
                "reference": "bd1d9e59a81d8fa4acdcea3f617c581f7475a80f"
            },
            "dist": {
                "type": "zip",
                "url": "https://api.github.com/repos/symfony/service-contracts/zipball/bd1d9e59a81d8fa4acdcea3f617c581f7475a80f",
                "reference": "bd1d9e59a81d8fa4acdcea3f617c581f7475a80f",
                "shasum": ""
            },
            "require": {
                "php": ">=8.1",
                "psr/container": "^1.1|^2.0",
                "symfony/deprecation-contracts": "^2.5|^3"
            },
            "conflict": {
                "ext-psr": "<1.1|>=2"
            },
            "type": "library",
            "extra": {
                "branch-alias": {
                    "dev-main": "3.5-dev"
                },
                "thanks": {
                    "name": "symfony/contracts",
                    "url": "https://github.com/symfony/contracts"
                }
            },
            "autoload": {
                "psr-4": {
                    "Symfony\\Contracts\\Service\\": ""
                },
                "exclude-from-classmap": [
                    "/Test/"
                ]
            },
            "notification-url": "https://packagist.org/downloads/",
            "license": [
                "MIT"
            ],
            "authors": [
                {
                    "name": "Nicolas Grekas",
                    "email": "p@tchwork.com"
                },
                {
                    "name": "Symfony Community",
                    "homepage": "https://symfony.com/contributors"
                }
            ],
            "description": "Generic abstractions related to writing services",
            "homepage": "https://symfony.com",
            "keywords": [
                "abstractions",
                "contracts",
                "decoupling",
                "interfaces",
                "interoperability",
                "standards"
            ],
            "support": {
                "source": "https://github.com/symfony/service-contracts/tree/v3.5.0"
            },
            "funding": [
                {
                    "url": "https://symfony.com/sponsor",
                    "type": "custom"
                },
                {
                    "url": "https://github.com/fabpot",
                    "type": "github"
                },
                {
                    "url": "https://tidelift.com/funding/github/packagist/symfony/symfony",
                    "type": "tidelift"
                }
            ],
            "time": "2024-04-18T09:32:20+00:00"
        },
        {
            "name": "symfony/var-exporter",
            "version": "v7.1.2",
            "source": {
                "type": "git",
                "url": "https://github.com/symfony/var-exporter.git",
                "reference": "b80a669a2264609f07f1667f891dbfca25eba44c"
            },
            "dist": {
                "type": "zip",
                "url": "https://api.github.com/repos/symfony/var-exporter/zipball/b80a669a2264609f07f1667f891dbfca25eba44c",
                "reference": "b80a669a2264609f07f1667f891dbfca25eba44c",
                "shasum": ""
            },
            "require": {
                "php": ">=8.2"
            },
            "require-dev": {
                "symfony/property-access": "^6.4|^7.0",
                "symfony/serializer": "^6.4|^7.0",
                "symfony/var-dumper": "^6.4|^7.0"
            },
            "type": "library",
            "autoload": {
                "psr-4": {
                    "Symfony\\Component\\VarExporter\\": ""
                },
                "exclude-from-classmap": [
                    "/Tests/"
                ]
            },
            "notification-url": "https://packagist.org/downloads/",
            "license": [
                "MIT"
            ],
            "authors": [
                {
                    "name": "Nicolas Grekas",
                    "email": "p@tchwork.com"
                },
                {
                    "name": "Symfony Community",
                    "homepage": "https://symfony.com/contributors"
                }
            ],
            "description": "Allows exporting any serializable PHP data structure to plain PHP code",
            "homepage": "https://symfony.com",
            "keywords": [
                "clone",
                "construct",
                "export",
                "hydrate",
                "instantiate",
                "lazy-loading",
                "proxy",
                "serialize"
            ],
            "support": {
                "source": "https://github.com/symfony/var-exporter/tree/v7.1.2"
            },
            "funding": [
                {
                    "url": "https://symfony.com/sponsor",
                    "type": "custom"
                },
                {
                    "url": "https://github.com/fabpot",
                    "type": "github"
                },
                {
                    "url": "https://tidelift.com/funding/github/packagist/symfony/symfony",
                    "type": "tidelift"
                }
            ],
            "time": "2024-06-28T08:00:31+00:00"
        }
    ],
    "aliases": [],
    "minimum-stability": "dev",
    "stability-flags": {
        "douglasgreen/config-setup": 20
    },
    "prefer-stable": true,
    "prefer-lowest": false,
    "platform": {
        "php": ">=8.1"
    },
    "platform-dev": [],
    "plugin-api-version": "2.6.0"
}
